
Microsoft Visual Studio Solution File, Format Version 12.00
# Visual Studio Version 16
VisualStudioVersion = 25.0.1704.4
MinimumVisualStudioVersion = 10.0.40219.1
Project("{FAE04EC0-301F-11D3-BF4B-00C04F79EFBC}") = "C sharm 5.1", "C sharm 5.1\C sharm 5.1.csproj", "{24D5AA6A-FA8F-49B5-A7CE-E872B6A642B1}"
EndProject
Global
	GlobalSection(SolutionConfigurationPlatforms) = preSolution
		Debug|Any CPU = Debug|Any CPU
		Release|Any CPU = Release|Any CPU
	EndGlobalSection
	GlobalSection(ProjectConfigurationPlatforms) = postSolution
		{24D5AA6A-FA8F-49B5-A7CE-E872B6A642B1}.Debug|Any CPU.ActiveCfg = Debug|Any CPU
		{24D5AA6A-FA8F-49B5-A7CE-E872B6A642B1}.Debug|Any CPU.Build.0 = Debug|Any CPU
		{24D5AA6A-FA8F-49B5-A7CE-E872B6A642B1}.Release|Any CPU.ActiveCfg = Release|Any CPU
		{24D5AA6A-FA8F-49B5-A7CE-E872B6A642B1}.Release|Any CPU.Build.0 = Release|Any CPU
	EndGlobalSection
	GlobalSection(SolutionProperties) = preSolution
		HideSolutionNode = FALSE
	EndGlobalSection
	GlobalSection(ExtensibilityGlobals) = postSolution
		SolutionGuid = {54726950-D381-4951-AF98-D264202D943B}
	EndGlobalSection
EndGlobal
